lockfileVersion: '9.0'

settings:
  autoInstallPeers: true
  excludeLinksFromLockfile: false

importers:

  .:
    dependencies:
      '@radix-ui/react-progress':
        specifier: ^1.1.6
        version: 1.1.6(react-dom@19.1.0(react@19.1.0))(react@19.1.0)

packages:

  '@radix-ui/react-compose-refs@1.1.2':
    resolution: {integrity: sha512-z4eqJvfiNnFMHIIvXP3CY57y2WJs5g2v3X0zm9mEJkrkNv4rDxu+sg9Jh8EkXyeqBkB7SOcboo9dMVqhyrACIg==}
    peerDependencies:
      '@types/react': '*'
      react: ^16.8 || ^17.0 || ^18.0 || ^19.0 || ^19.0.0-rc
    peerDependenciesMeta:
      '@types/react':
        optional: true

  '@radix-ui/react-context@1.1.2':
    resolution: {integrity: sha512-jCi/QKUM2r1Ju5a3J64TH2A5SpKAgh0LpknyqdQ4m6DCV0xJ2HG1xARRwNGPQfi1SLdLWZ1OJz6F4OMBBNiGJA==}
    peerDependencies:
      '@types/react': '*'
      react: ^16.8 || ^17.0 || ^18.0 || ^19.0 || ^19.0.0-rc
    peerDependenciesMeta:
      '@types/react':
        optional: true

  '@radix-ui/react-primitive@2.1.2':
    resolution: {integrity: sha512-uHa+l/lKfxuDD2zjN/0peM/RhhSmRjr5YWdk/37EnSv1nJ88uvG85DPexSm8HdFQROd2VdERJ6ynXbkCFi+APw==}
    peerDependencies:
      '@types/react': '*'
      '@types/react-dom': '*'
      react: ^16.8 || ^17.0 || ^18.0 || ^19.0 || ^19.0.0-rc
      react-dom: ^16.8 || ^17.0 || ^18.0 || ^19.0 || ^19.0.0-rc
    peerDependenciesMeta:
      '@types/react':
        optional: true
      '@types/react-dom':
        optional: true

  '@radix-ui/react-progress@1.1.6':
    resolution: {integrity: sha512-QzN9a36nKk2eZKMf9EBCia35x3TT+SOgZuzQBVIHyRrmYYi73VYBRK3zKwdJ6az/F5IZ6QlacGJBg7zfB85liA==}
    peerDependencies:
      '@types/react': '*'
      '@types/react-dom': '*'
      react: ^16.8 || ^17.0 || ^18.0 || ^19.0 || ^19.0.0-rc
      react-dom: ^16.8 || ^17.0 || ^18.0 || ^19.0 || ^19.0.0-rc
    peerDependenciesMeta:
      '@types/react':
        optional: true
      '@types/react-dom':
        optional: true

  '@radix-ui/react-slot@1.2.2':
    resolution: {integrity: sha512-y7TBO4xN4Y94FvcWIOIh18fM4R1A8S4q1jhoz4PNzOoHsFcN8pogcFmZrTYAm4F9VRUrWP/Mw7xSKybIeRI+CQ==}
    peerDependencies:
      '@types/react': '*'
      react: ^16.8 || ^17.0 || ^18.0 || ^19.0 || ^19.0.0-rc
    peerDependenciesMeta:
      '@types/react':
        optional: true

  react-dom@19.1.0:
    resolution: {integrity: sha512-Xs1hdnE+DyKgeHJeJznQmYMIBG3TKIHJJT95Q58nHLSrElKlGQqDTR2HQ9fx5CN/Gk6Vh/kupBTDLU11/nDk/g==}
    peerDependencies:
      react: ^19.1.0

  react@19.1.0:
    resolution: {integrity: sha512-FS+XFBNvn3GTAWq26joslQgWNoFu08F4kl0J4CgdNKADkdSGXQyTCnKteIAJy96Br6YbpEU1LSzV5dYtjMkMDg==}
    engines: {node: '>=0.10.0'}

  scheduler@0.26.0:
    resolution: {integrity: sha512-NlHwttCI/l5gCPR3D1nNXtWABUmBwvZpEQiD4IXSbIDq8BzLIK/7Ir5gTFSGZDUu37K5cMNp0hFtzO38sC7gWA==}

snapshots:

  '@radix-ui/react-compose-refs@1.1.2(react@19.1.0)':
    dependencies:
      react: 19.1.0

  '@radix-ui/react-context@1.1.2(react@19.1.0)':
    dependencies:
      react: 19.1.0

  '@radix-ui/react-primitive@2.1.2(react-dom@19.1.0(react@19.1.0))(react@19.1.0)':
    dependencies:
      '@radix-ui/react-slot': 1.2.2(react@19.1.0)
      react: 19.1.0
      react-dom: 19.1.0(react@19.1.0)

  '@radix-ui/react-progress@1.1.6(react-dom@19.1.0(react@19.1.0))(react@19.1.0)':
    dependencies:
      '@radix-ui/react-context': 1.1.2(react@19.1.0)
      '@radix-ui/react-primitive': 2.1.2(react-dom@19.1.0(react@19.1.0))(react@19.1.0)
      react: 19.1.0
      react-dom: 19.1.0(react@19.1.0)

  '@radix-ui/react-slot@1.2.2(react@19.1.0)':
    dependencies:
      '@radix-ui/react-compose-refs': 1.1.2(react@19.1.0)
      react: 19.1.0

  react-dom@19.1.0(react@19.1.0):
    dependencies:
      react: 19.1.0
      scheduler: 0.26.0

  react@19.1.0: {}

  scheduler@0.26.0: {}
